
Microsoft Visual Studio Solution File, Format Version 12.00
# Visual Studio Version 17
VisualStudioVersion = 17.4.33213.308
MinimumVisualStudioVersion = 10.0.40219.1
Project("{FAE04EC0-301F-11D3-BF4B-00C04F79EFBC}") = "Webapp", "Webapp\Webapp.csproj", "{9B29F915-441D-4C27-9B2F-A0F35CF73FC5}"
EndProject
Global
	GlobalSection(SolutionConfigurationPlatforms) = preSolution
		Debug|Any CPU = Debug|Any CPU
		Release|Any CPU = Release|Any CPU
	EndGlobalSection
	GlobalSection(ProjectConfigurationPlatforms) = postSolution
		{9B29F915-441D-4C27-9B2F-A0F35CF73FC5}.Debug|Any CPU.ActiveCfg = Debug|Any CPU
		{9B29F915-441D-4C27-9B2F-A0F35CF73FC5}.Debug|Any CPU.Build.0 = Debug|Any CPU
		{9B29F915-441D-4C27-9B2F-A0F35CF73FC5}.Release|Any CPU.ActiveCfg = Release|Any CPU
		{9B29F915-441D-4C27-9B2F-A0F35CF73FC5}.Release|Any CPU.Build.0 = Release|Any CPU
	EndGlobalSection
	GlobalSection(SolutionProperties) = preSolution
		HideSolutionNode = FALSE
	EndGlobalSection
	GlobalSection(ExtensibilityGlobals) = postSolution
		SolutionGuid = {60489448-A969-4D9D-8F92-0ECC622A8A31}
	EndGlobalSection
EndGlobal
